
Microsoft Visual Studio Solution File, Format Version 12.00
# Visual Studio Version 17
VisualStudioVersion = 17.3.32929.385
MinimumVisualStudioVersion = 10.0.40219.1
Project("{FAE04EC0-301F-11D3-BF4B-00C04F79EFBC}") = "HotelBooking", "HotelBooking\HotelBooking.csproj", "{DEDF4160-A601-4726-818B-20F4CB43BB21}"
EndProject
Global
	GlobalSection(SolutionConfigurationPlatforms) = preSolution
		Debug|Any CPU = Debug|Any CPU
		Release|Any CPU = Release|Any CPU
	EndGlobalSection
	GlobalSection(ProjectConfigurationPlatforms) = postSolution
		{DEDF4160-A601-4726-818B-20F4CB43BB21}.Debug|Any CPU.ActiveCfg = Debug|Any CPU
		{DEDF4160-A601-4726-818B-20F4CB43BB21}.Debug|Any CPU.Build.0 = Debug|Any CPU
		{DEDF4160-A601-4726-818B-20F4CB43BB21}.Release|Any CPU.ActiveCfg = Release|Any CPU
		{DEDF4160-A601-4726-818B-20F4CB43BB21}.Release|Any CPU.Build.0 = Release|Any CPU
	EndGlobalSection
	GlobalSection(SolutionProperties) = preSolution
		HideSolutionNode = FALSE
	EndGlobalSection
	GlobalSection(ExtensibilityGlobals) = postSolution
		SolutionGuid = {4DF4270F-ECA7-4E72-87CF-4FBFD0D4C337}
	EndGlobalSection
EndGlobal
